
Microsoft Visual Studio Solution File, Format Version 12.00
# Visual Studio Version 17
VisualStudioVersion = 17.11.35327.3
MinimumVisualStudioVersion = 10.0.40219.1
Project("{FAE04EC0-301F-11D3-BF4B-00C04F79EFBC}") = "MocanMelisaMariaLab7", "MocanMelisaMariaLab7.csproj", "{8A84BF58-06A3-4444-814B-F091C21A8010}"
EndProject
Global
	GlobalSection(SolutionConfigurationPlatforms) = preSolution
		Debug|Any CPU = Debug|Any CPU
		Release|Any CPU = Release|Any CPU
	EndGlobalSection
	GlobalSection(ProjectConfigurationPlatforms) = postSolution
		{8A84BF58-06A3-4444-814B-F091C21A8010}.Debug|Any CPU.ActiveCfg = Debug|Any CPU
		{8A84BF58-06A3-4444-814B-F091C21A8010}.Debug|Any CPU.Build.0 = Debug|Any CPU
		{8A84BF58-06A3-4444-814B-F091C21A8010}.Debug|Any CPU.Deploy.0 = Debug|Any CPU
		{8A84BF58-06A3-4444-814B-F091C21A8010}.Release|Any CPU.ActiveCfg = Release|Any CPU
		{8A84BF58-06A3-4444-814B-F091C21A8010}.Release|Any CPU.Build.0 = Release|Any CPU
		{8A84BF58-06A3-4444-814B-F091C21A8010}.Release|Any CPU.Deploy.0 = Release|Any CPU
	EndGlobalSection
	GlobalSection(SolutionProperties) = preSolution
		HideSolutionNode = FALSE
	EndGlobalSection
	GlobalSection(ExtensibilityGlobals) = postSolution
		SolutionGuid = {C56BA284-E88D-4ED1-8397-93BE62E6A768}
	EndGlobalSection
EndGlobal
